
Microsoft Visual Studio Solution File, Format Version 12.00
# Visual Studio Version 16
VisualStudioVersion = 16.0.31112.23
MinimumVisualStudioVersion = 10.0.40219.1
Project("{9A19103F-16F7-4668-BE54-9A1E7A4F7556}") = "ToolsAppDemo.Server", "ToolsAppDemo\Server\ToolsAppDemo.Server.csproj", "{CA9B9EC6-4C8A-46DA-85C4-01C6D32560D2}"
EndProject
Project("{9A19103F-16F7-4668-BE54-9A1E7A4F7556}") = "ToolsAppDemo.Client", "ToolsAppDemo\Client\ToolsAppDemo.Client.csproj", "{4B5085F1-01A7-48A5-A6F7-8665CB6EBCE1}"
EndProject
Project("{9A19103F-16F7-4668-BE54-9A1E7A4F7556}") = "ToolsAppDemo.Shared", "ToolsAppDemo\Shared\ToolsAppDemo.Shared.csproj", "{C3347238-9030-465A-9A2D-01377EEED8B2}"
EndProject
Global
	GlobalSection(SolutionConfigurationPlatforms) = preSolution
		Debug|Any CPU = Debug|Any CPU
		Release|Any CPU = Release|Any CPU
	EndGlobalSection
	GlobalSection(ProjectConfigurationPlatforms) = postSolution
		{CA9B9EC6-4C8A-46DA-85C4-01C6D32560D2}.Debug|Any CPU.ActiveCfg = Debug|Any CPU
		{CA9B9EC6-4C8A-46DA-85C4-01C6D32560D2}.Debug|Any CPU.Build.0 = Debug|Any CPU
		{CA9B9EC6-4C8A-46DA-85C4-01C6D32560D2}.Release|Any CPU.ActiveCfg = Release|Any CPU
		{CA9B9EC6-4C8A-46DA-85C4-01C6D32560D2}.Release|Any CPU.Build.0 = Release|Any CPU
		{4B5085F1-01A7-48A5-A6F7-8665CB6EBCE1}.Debug|Any CPU.ActiveCfg = Debug|Any CPU
		{4B5085F1-01A7-48A5-A6F7-8665CB6EBCE1}.Debug|Any CPU.Build.0 = Debug|Any CPU
		{4B5085F1-01A7-48A5-A6F7-8665CB6EBCE1}.Release|Any CPU.ActiveCfg = Release|Any CPU
		{4B5085F1-01A7-48A5-A6F7-8665CB6EBCE1}.Release|Any CPU.Build.0 = Release|Any CPU
		{C3347238-9030-465A-9A2D-01377EEED8B2}.Debug|Any CPU.ActiveCfg = Debug|Any CPU
		{C3347238-9030-465A-9A2D-01377EEED8B2}.Debug|Any CPU.Build.0 = Debug|Any CPU
		{C3347238-9030-465A-9A2D-01377EEED8B2}.Release|Any CPU.ActiveCfg = Release|Any CPU
		{C3347238-9030-465A-9A2D-01377EEED8B2}.Release|Any CPU.Build.0 = Release|Any CPU
	EndGlobalSection
	GlobalSection(SolutionProperties) = preSolution
		HideSolutionNode = FALSE
	EndGlobalSection
	GlobalSection(ExtensibilityGlobals) = postSolution
		SolutionGuid = {ED43A2E7-D7D9-4F95-8462-096749A43D78}
	EndGlobalSection
EndGlobal
